// !$*UTF8*$!
{
	archiveVersion = 1;
	classes = {
	};
	objectVersion = 56;
	objects = {

/* Begin PBXBuildFile section */
		8A37A18A2DE6EA010045F096 /* MarkdownUI in Frameworks */ = {isa = PBXBuildFile; productRef = 8A37A1892DE6EA010045F096 /* MarkdownUI */; };
		8A816D102DE597ED00F22D75 /* NetworkService.swift in Sources */ = {isa = PBXBuildFile; fileRef = 8A816D0E2DE597ED00F22D75 /* NetworkService.swift */; };
		CE01 /* RecordAnalyzerApp.swift in Sources */ = {isa = PBXBuildFile; fileRef = CE02 /* RecordAnalyzerApp.swift */; };
		CE03 /* ContentView.swift in Sources */ = {isa = PBXBuildFile; fileRef = CE04 /* ContentView.swift */; };
		CE05 /* Assets.xcassets in Resources */ = {isa = PBXBuildFile; fileRef = CE06 /* Assets.xcassets */; };
		CE07 /* Preview Assets.xcassets in Resources */ = {isa = PBXBuildFile; fileRef = CE08 /* Preview Assets.xcassets */; };
		CE09 /* AuthenticationManager.swift in Sources */ = {isa = PBXBuildFile; fileRef = CE10 /* AuthenticationManager.swift */; };
		CE11 /* RecordingManager.swift in Sources */ = {isa = PBXBuildFile; fileRef = CE12 /* RecordingManager.swift */; };
		CE13 /* RecordingModel.swift in Sources */ = {isa = PBXBuildFile; fileRef = CE14 /* RecordingModel.swift */; };
		CE15 /* LoginView.swift in Sources */ = {isa = PBXBuildFile; fileRef = CE16 /* LoginView.swift */; };
		CE17 /* RegisterView.swift in Sources */ = {isa = PBXBuildFile; fileRef = CE18 /* RegisterView.swift */; };
		CE19 /* HomeView.swift in Sources */ = {isa = PBXBuildFile; fileRef = CE20 /* HomeView.swift */; };
		CE21 /* HistoryView.swift in Sources */ = {isa = PBXBuildFile; fileRef = CE22 /* HistoryView.swift */; };
		CE23 /* ProfileView.swift in Sources */ = {isa = PBXBuildFile; fileRef = CE24 /* ProfileView.swift */; };
		CE25 /* RecordingRowView.swift in Sources */ = {isa = PBXBuildFile; fileRef = CE26 /* RecordingRowView.swift */; };
		CE27 /* RecordingDetailView.swift in Sources */ = {isa = PBXBuildFile; fileRef = CE28 /* RecordingDetailView.swift */; };
		CE54 /* MarkdownText.swift in Sources */ = {isa = PBXBuildFile; fileRef = CE55 /* MarkdownText.swift */; };
/* End PBXBuildFile section */

/* Begin PBXFileReference section */
		8A816D0E2DE597ED00F22D75 /* NetworkService.swift */ = {isa = PBXFileReference; lastKnownFileType = sourcecode.swift; path = NetworkService.swift; sourceTree = "<group>"; };
		CE02 /* RecordAnalyzerApp.swift */ = {isa = PBXFileReference; lastKnownFileType = sourcecode.swift; path = RecordAnalyzerApp.swift; sourceTree = "<group>"; };
		CE04 /* ContentView.swift */ = {isa = PBXFileReference; lastKnownFileType = sourcecode.swift; path = ContentView.swift; sourceTree = "<group>"; };
		CE06 /* Assets.xcassets */ = {isa = PBXFileReference; lastKnownFileType = folder.assetcatalog; path = Assets.xcassets; sourceTree = "<group>"; };
		CE08 /* Preview Assets.xcassets */ = {isa = PBXFileReference; lastKnownFileType = folder.assetcatalog; path = "Preview Assets.xcassets"; sourceTree = "<group>"; };
		CE10 /* AuthenticationManager.swift */ = {isa = PBXFileReference; lastKnownFileType = sourcecode.swift; path = AuthenticationManager.swift; sourceTree = "<group>"; };
		CE12 /* RecordingManager.swift */ = {isa = PBXFileReference; lastKnownFileType = sourcecode.swift; path = RecordingManager.swift; sourceTree = "<group>"; };
		CE14 /* RecordingModel.swift */ = {isa = PBXFileReference; lastKnownFileType = sourcecode.swift; path = RecordingModel.swift; sourceTree = "<group>"; };
		CE16 /* LoginView.swift */ = {isa = PBXFileReference; lastKnownFileType = sourcecode.swift; path = LoginView.swift; sourceTree = "<group>"; };
		CE18 /* RegisterView.swift */ = {isa = PBXFileReference; lastKnownFileType = sourcecode.swift; path = RegisterView.swift; sourceTree = "<group>"; };
		CE20 /* HomeView.swift */ = {isa = PBXFileReference; lastKnownFileType = sourcecode.swift; path = HomeView.swift; sourceTree = "<group>"; };
		CE22 /* HistoryView.swift */ = {isa = PBXFileReference; lastKnownFileType = sourcecode.swift; path = HistoryView.swift; sourceTree = "<group>"; };
		CE24 /* ProfileView.swift */ = {isa = PBXFileReference; lastKnownFileType = sourcecode.swift; path = ProfileView.swift; sourceTree = "<group>"; };
		CE26 /* RecordingRowView.swift */ = {isa = PBXFileReference; lastKnownFileType = sourcecode.swift; path = RecordingRowView.swift; sourceTree = "<group>"; };
		CE28 /* RecordingDetailView.swift */ = {isa = PBXFileReference; lastKnownFileType = sourcecode.swift; path = RecordingDetailView.swift; sourceTree = "<group>"; };
		CE29 /* RecordAnalyzer.app */ = {isa = PBXFileReference; explicitFileType = wrapper.application; includeInIndex = 0; path = RecordAnalyzer.app; sourceTree = BUILT_PRODUCTS_DIR; };
		CE55 /* MarkdownText.swift */ = {isa = PBXFileReference; lastKnownFileType = sourcecode.swift; path = MarkdownText.swift; sourceTree = "<group>"; };
/* End PBXFileReference section */

/* Begin PBXFrameworksBuildPhase section */
		CE30 /* Frameworks */ = {
			isa = PBXFrameworksBuildPhase;
			buildActionMask = 2147483647;
			files = (
				8A37A18A2DE6EA010045F096 /* MarkdownUI in Frameworks */,
			);
			runOnlyForDeploymentPostprocessing = 0;
		};
/* End PBXFrameworksBuildPhase section */

/* Begin PBXGroup section */
		8A816D0F2DE597ED00F22D75 /* Services */ = {
			isa = PBXGroup;
			children = (
				8A816D0E2DE597ED00F22D75 /* NetworkService.swift */,
			);
			path = Services;
			sourceTree = "<group>";
		};
		CE31 = {
			isa = PBXGroup;
			children = (
				CE32 /* RecordAnalyzer */,
				CE33 /* Products */,
			);
			sourceTree = "<group>";
		};
		CE32 /* RecordAnalyzer */ = {
			isa = PBXGroup;
			children = (
				8A816D0F2DE597ED00F22D75 /* Services */,
				CE02 /* RecordAnalyzerApp.swift */,
				CE04 /* ContentView.swift */,
				CE34 /* Managers */,
				CE35 /* Models */,
				CE36 /* Views */,
				CE06 /* Assets.xcassets */,
				CE37 /* Preview Content */,
			);
			path = RecordAnalyzer;
			sourceTree = "<group>";
		};
		CE33 /* Products */ = {
			isa = PBXGroup;
			children = (
				CE29 /* RecordAnalyzer.app */,
			);
			name = Products;
			sourceTree = "<group>";
		};
		CE34 /* Managers */ = {
			isa = PBXGroup;
			children = (
				CE10 /* AuthenticationManager.swift */,
				CE12 /* RecordingManager.swift */,
			);
			path = Managers;
			sourceTree = "<group>";
		};
		CE35 /* Models */ = {
			isa = PBXGroup;
			children = (
				CE14 /* RecordingModel.swift */,
			);
			path = Models;
			sourceTree = "<group>";
		};
		CE36 /* Views */ = {
			isa = PBXGroup;
			children = (
				CE38 /* Authentication */,
				CE39 /* Home */,
				CE40 /* History */,
				CE41 /* Profile */,
				CE42 /* Components */,
				CE43 /* Recording */,
			);
			path = Views;
			sourceTree = "<group>";
		};
		CE37 /* Preview Content */ = {
			isa = PBXGroup;
			children = (
				CE08 /* Preview Assets.xcassets */,
			);
			path = "Preview Content";
			sourceTree = "<group>";
		};
		CE38 /* Authentication */ = {
			isa = PBXGroup;
			children = (
				CE16 /* LoginView.swift */,
				CE18 /* RegisterView.swift */,
			);
			path = Authentication;
			sourceTree = "<group>";
		};
		CE39 /* Home */ = {
			isa = PBXGroup;
			children = (
				CE20 /* HomeView.swift */,
			);
			path = Home;
			sourceTree = "<group>";
		};
		CE40 /* History */ = {
			isa = PBXGroup;
			children = (
				CE22 /* HistoryView.swift */,
			);
			path = History;
			sourceTree = "<group>";
		};
		CE41 /* Profile */ = {
			isa = PBXGroup;
			children = (
				CE24 /* ProfileView.swift */,
			);
			path = Profile;
			sourceTree = "<group>";
		};
		CE42 /* Components */ = {
			isa = PBXGroup;
			children = (
				CE26 /* RecordingRowView.swift */,
				CE55 /* MarkdownText.swift */,
			);
			path = Components;
			sourceTree = "<group>";
		};
		CE43 /* Recording */ = {
			isa = PBXGroup;
			children = (
				CE28 /* RecordingDetailView.swift */,
			);
			path = Recording;
			sourceTree = "<group>";
		};
/* End PBXGroup section */

/* Begin PBXNativeTarget section */
		CE44 /* RecordAnalyzer */ = {
			isa = PBXNativeTarget;
			buildConfigurationList = CE45 /* Build configuration list for PBXNativeTarget "RecordAnalyzer" */;
			buildPhases = (
				CE46 /* Sources */,
				CE30 /* Frameworks */,
				CE47 /* Resources */,
			);
			buildRules = (
			);
			dependencies = (
			);
			name = RecordAnalyzer;
			productName = RecordAnalyzer;
			productReference = CE29 /* RecordAnalyzer.app */;
			productType = "com.apple.product-type.application";
		};
/* End PBXNativeTarget section */

/* Begin PBXProject section */
		CE48 /* Project object */ = {
			isa = PBXProject;
			attributes = {
				BuildIndependentTargetsInParallel = 1;
				LastSwiftUpdateCheck = 1640;
				LastUpgradeCheck = 1640;
				TargetAttributes = {
					CE44 = {
						CreatedOnToolsVersion = 16.4;
					};
				};
			};
			buildConfigurationList = CE49 /* Build configuration list for PBXProject "RecordAnalyzerApp" */;
			compatibilityVersion = "Xcode 14.0";
			developmentRegion = en;
			hasScannedForEncodings = 0;
			knownRegions = (
				en,
				Base,
			);
			mainGroup = CE31;
			packageReferences = (
				8A37A1882DE6EA010045F096 /* XCRemoteSwiftPackageReference "swift-markdown-ui" */,
			);
			productRefGroup = CE33 /* Products */;
			projectDirPath = "";
			projectRoot = "";
			targets = (
				CE44 /* RecordAnalyzer */,
			);
		};
/* End PBXProject section */

/* Begin PBXResourcesBuildPhase section */
		CE47 /* Resources */ = {
			isa = PBXResourcesBuildPhase;
			buildActionMask = 2147483647;
			files = (
				CE07 /* Preview Assets.xcassets in Resources */,
				CE05 /* Assets.xcassets in Resources */,
			);
			runOnlyForDeploymentPostprocessing = 0;
		};
/* End PBXResourcesBuildPhase section */

/* Begin PBXSourcesBuildPhase section */
		CE46 /* Sources */ = {
			isa = PBXSourcesBuildPhase;
			buildActionMask = 2147483647;
			files = (
				CE03 /* ContentView.swift in Sources */,
				CE01 /* RecordAnalyzerApp.swift in Sources */,
				CE09 /* AuthenticationManager.swift in Sources */,
				CE11 /* RecordingManager.swift in Sources */,
				CE13 /* RecordingModel.swift in Sources */,
				CE15 /* LoginView.swift in Sources */,
				CE17 /* RegisterView.swift in Sources */,
				CE19 /* HomeView.swift in Sources */,
				CE21 /* HistoryView.swift in Sources */,
				CE23 /* ProfileView.swift in Sources */,
				CE25 /* RecordingRowView.swift in Sources */,
				8A816D102DE597ED00F22D75 /* NetworkService.swift in Sources */,
				CE27 /* RecordingDetailView.swift in Sources */,
				CE54 /* MarkdownText.swift in Sources */,
			);
			runOnlyForDeploymentPostprocessing = 0;
		};
/* End PBXSourcesBuildPhase section */

/* Begin XCBuildConfiguration section */
		CE50 /* Debug */ = {
			isa = XCBuildConfiguration;
			buildSettings = {
				ALWAYS_SEARCH_USER_PATHS = NO;
				ASSETCATALOG_COMPILER_GENERATE_SWIFT_ASSET_SYMBOL_EXTENSIONS = YES;
				CLANG_ANALYZER_NONNULL = YES;
				CLANG_ANALYZER_NUMBER_OBJECT_CONVERSION = YES_AGGRESSIVE;
				CLANG_CXX_LANGUAGE_STANDARD = "gnu++20";
				CLANG_ENABLE_MODULES = YES;
				CLANG_ENABLE_OBJC_ARC = YES;
				CLANG_ENABLE_OBJC_WEAK = YES;
				CLANG_WARN_BLOCK_CAPTURE_AUTORELEASING = YES;
				CLANG_WARN_BOOL_CONVERSION = YES;
				CLANG_WARN_COMMA = YES;
				CLANG_WARN_CONSTANT_CONVERSION = YES;
				CLANG_WARN_DEPRECATED_OBJC_IMPLEMENTATIONS = YES;
				CLANG_WARN_DIRECT_OBJC_ISA_USAGE = YES_ERROR;
				CLANG_WARN_DOCUMENTATION_COMMENTS = YES;
				CLANG_WARN_EMPTY_BODY = YES;
				CLANG_WARN_ENUM_CONVERSION = YES;
				CLANG_WARN_INFINITE_RECURSION = YES;
				CLANG_WARN_INT_CONVERSION = YES;
				CLANG_WARN_NON_LITERAL_NULL_CONVERSION = YES;
				CLANG_WARN_OBJC_IMPLICIT_RETAIN_SELF = YES;
				CLANG_WARN_OBJC_LITERAL_CONVERSION = YES;
				CLANG_WARN_OBJC_ROOT_CLASS = YES_ERROR;
				CLANG_WARN_QUOTED_INCLUDE_IN_FRAMEWORK_HEADER = YES;
				CLANG_WARN_RANGE_LOOP_ANALYSIS = YES;
				CLANG_WARN_STRICT_PROTOTYPES = YES;
				CLANG_WARN_SUSPICIOUS_MOVE = YES;
				CLANG_WARN_UNGUARDED_AVAILABILITY = YES_AGGRESSIVE;
				CLANG_WARN_UNREACHABLE_CODE = YES;
				CLANG_WARN__DUPLICATE_METHOD_MATCH = YES;
				COPY_PHASE_STRIP = NO;
				DEBUG_INFORMATION_FORMAT = dwarf;
				ENABLE_STRICT_OBJC_MSGSEND = YES;
				ENABLE_TESTABILITY = YES;
				ENABLE_USER_SCRIPT_SANDBOXING = YES;
				GCC_C_LANGUAGE_STANDARD = gnu17;
				GCC_DYNAMIC_NO_PIC = NO;
				GCC_NO_COMMON_BLOCKS = YES;
				GCC_OPTIMIZATION_LEVEL = 0;
				GCC_PREPROCESSOR_DEFINITIONS = (
					"DEBUG=1",
					"$(inherited)",
				);
				GCC_WARN_64_TO_32_BIT_CONVERSION = YES;
				GCC_WARN_ABOUT_RETURN_TYPE = YES_ERROR;
				GCC_WARN_UNDECLARED_SELECTOR = YES;
				GCC_WARN_UNINITIALIZED_AUTOS = YES_AGGRESSIVE;
				GCC_WARN_UNUSED_FUNCTION = YES;
				GCC_WARN_UNUSED_VARIABLE = YES;
				IPHONEOS_DEPLOYMENT_TARGET = 18.0;
				LOCALIZATION_PREFERS_STRING_CATALOGS = YES;
				MTL_ENABLE_DEBUG_INFO = INCLUDE_SOURCE;
				MTL_FAST_MATH = YES;
				ONLY_ACTIVE_ARCH = YES;
				SDKROOT = iphoneos;
				SWIFT_ACTIVE_COMPILATION_CONDITIONS = "DEBUG $(inherited)";
				SWIFT_OPTIMIZATION_LEVEL = "-Onone";
			};
			name = Debug;
		};
		CE51 /* Release */ = {
			isa = XCBuildConfiguration;
			buildSettings = {
				ALWAYS_SEARCH_USER_PATHS = NO;
				ASSETCATALOG_COMPILER_GENERATE_SWIFT_ASSET_SYMBOL_EXTENSIONS = YES;
				CLANG_ANALYZER_NONNULL = YES;
				CLANG_ANALYZER_NUMBER_OBJECT_CONVERSION = YES_AGGRESSIVE;
				CLANG_CXX_LANGUAGE_STANDARD = "gnu++20";
				CLANG_ENABLE_MODULES = YES;
				CLANG_ENABLE_OBJC_ARC = YES;
				CLANG_ENABLE_OBJC_WEAK = YES;
				CLANG_WARN_BLOCK_CAPTURE_AUTORELEASING = YES;
				CLANG_WARN_BOOL_CONVERSION = YES;
				CLANG_WARN_COMMA = YES;
				CLANG_WARN_CONSTANT_CONVERSION = YES;
				CLANG_WARN_DEPRECATED_OBJC_IMPLEMENTATIONS = YES;
				CLANG_WARN_DIRECT_OBJC_ISA_USAGE = YES_ERROR;
				CLANG_WARN_DOCUMENTATION_COMMENTS = YES;
				CLANG_WARN_EMPTY_BODY = YES;
				CLANG_WARN_ENUM_CONVERSION = YES;
				CLANG_WARN_INFINITE_RECURSION = YES;
				CLANG_WARN_INT_CONVERSION = YES;
				CLANG_WARN_NON_LITERAL_NULL_CONVERSION = YES;
				CLANG_WARN_OBJC_IMPLICIT_RETAIN_SELF = YES;
				CLANG_WARN_OBJC_LITERAL_CONVERSION = YES;
				CLANG_WARN_OBJC_ROOT_CLASS = YES_ERROR;
				CLANG_WARN_QUOTED_INCLUDE_IN_FRAMEWORK_HEADER = YES;
				CLANG_WARN_RANGE_LOOP_ANALYSIS = YES;
				CLANG_WARN_STRICT_PROTOTYPES = YES;
				CLANG_WARN_SUSPICIOUS_MOVE = YES;
				CLANG_WARN_UNGUARDED_AVAILABILITY = YES_AGGRESSIVE;
				CLANG_WARN_UNREACHABLE_CODE = YES;
				CLANG_WARN__DUPLICATE_METHOD_MATCH = YES;
				COPY_PHASE_STRIP = NO;
				DEBUG_INFORMATION_FORMAT = "dwarf-with-dsym";
				ENABLE_NS_ASSERTIONS = NO;
				ENABLE_STRICT_OBJC_MSGSEND = YES;
				ENABLE_USER_SCRIPT_SANDBOXING = YES;
				GCC_C_LANGUAGE_STANDARD = gnu17;
				GCC_NO_COMMON_BLOCKS = YES;
				GCC_WARN_64_TO_32_BIT_CONVERSION = YES;
				GCC_WARN_ABOUT_RETURN_TYPE = YES_ERROR;
				GCC_WARN_UNDECLARED_SELECTOR = YES;
				GCC_WARN_UNINITIALIZED_AUTOS = YES_AGGRESSIVE;
				GCC_WARN_UNUSED_FUNCTION = YES;
				GCC_WARN_UNUSED_VARIABLE = YES;
				IPHONEOS_DEPLOYMENT_TARGET = 18.0;
				LOCALIZATION_PREFERS_STRING_CATALOGS = YES;
				MTL_ENABLE_DEBUG_INFO = NO;
				MTL_FAST_MATH = YES;
				SDKROOT = iphoneos;
				SWIFT_COMPILATION_MODE = wholemodule;
				VALIDATE_PRODUCT = YES;
			};
			name = Release;
		};
		CE52 /* Debug */ = {
			isa = XCBuildConfiguration;
			buildSettings = {
				ASSETCATALOG_COMPILER_APPICON_NAME = AppIcon;
				ASSETCATALOG_COMPILER_GLOBAL_ACCENT_COLOR_NAME = AccentColor;
				CODE_SIGN_STYLE = Automatic;
				CURRENT_PROJECT_VERSION = 1;
				DEVELOPMENT_ASSET_PATHS = "\"RecordAnalyzer/Preview Content\"";
				DEVELOPMENT_TEAM = 37HFR5V2JJ;
				ENABLE_PREVIEWS = YES;
				GENERATE_INFOPLIST_FILE = YES;
				INFOPLIST_KEY_CFBundleDisplayName = "錄音分析助手";
				INFOPLIST_KEY_CFBundleDocumentTypes = "{\n    CFBundleTypeExtensions =     (\n        mp3,\n        wav,\n        m4a,\n        aac,\n        flac,\n        mp4,\n        ogg\n    );\n    CFBundleTypeIconFiles =     (\n    );\n    CFBundleTypeName = \"Audio Files\";\n    CFBundleTypeRole = Editor;\n    LSHandlerRank = Owner;\n    LSItemContentTypes =     (\n        \"public.mp3\",\n        \"public.audio\",\n        \"com.apple.m4a-audio\",\n        \"public.aac-audio\",\n        \"public.mpeg-4-audio\",\n        \"org.xiph.flac\"\n    );\n    LSTypeIsPackage = NO;\n}";
				INFOPLIST_KEY_CFBundleName = "錄音分析助手";
				INFOPLIST_KEY_CFBundleURLTypes = "{\n    CFBundleURLName = \"\\U9304\\U97f3\\U5206\\U6790\\U52a9\\U624b\";\n    CFBundleURLSchemes =     (\n        recordanalyzer,\n        \"recordanalyzer-files\"\n    );\n}";
				INFOPLIST_KEY_LSSupportsOpeningDocumentsInPlace = YES;
				INFOPLIST_KEY_UIApplicationSceneManifest_Generation = YES;
				INFOPLIST_KEY_UIApplicationSupportsIndirectInputEvents = YES;
				INFOPLIST_KEY_UILaunchScreen_Generation = YES;
				INFOPLIST_KEY_UISupportedInterfaceOrientations_iPad = "UIInterfaceOrientationPortrait UIInterfaceOrientationPortraitUpsideDown UIInterfaceOrientationLandscapeLeft UIInterfaceOrientationLandscapeRight";
				INFOPLIST_KEY_UISupportedInterfaceOrientations_iPhone = "UIInterfaceOrientationPortrait UIInterfaceOrientationLandscapeLeft UIInterfaceOrientationLandscapeRight";
				INFOPLIST_KEY_UISupportsDocumentBrowser = YES;
				LD_RUNPATH_SEARCH_PATHS = (
					"$(inherited)",
					"@executable_path/Frameworks",
				);
				MARKETING_VERSION = 1.0;
				PRODUCT_BUNDLE_IDENTIFIER = com.audichuang.app;
				PRODUCT_NAME = "$(TARGET_NAME)";
				SWIFT_EMIT_LOC_STRINGS = YES;
				SWIFT_VERSION = 6.0;
				TARGETED_DEVICE_FAMILY = "1,2";
			};
			name = Debug;
		};
		CE53 /* Release */ = {
			isa = XCBuildConfiguration;
			buildSettings = {
				ASSETCATALOG_COMPILER_APPICON_NAME = AppIcon;
				ASSETCATALOG_COMPILER_GLOBAL_ACCENT_COLOR_NAME = AccentColor;
				CODE_SIGN_STYLE = Automatic;
				CURRENT_PROJECT_VERSION = 1;
				DEVELOPMENT_ASSET_PATHS = "\"RecordAnalyzer/Preview Content\"";
				DEVELOPMENT_TEAM = 37HFR5V2JJ;
				ENABLE_PREVIEWS = YES;
				GENERATE_INFOPLIST_FILE = YES;
				INFOPLIST_KEY_CFBundleDisplayName = "錄音分析助手";
				INFOPLIST_KEY_CFBundleDocumentTypes = "{\n    CFBundleTypeExtensions =     (\n        mp3,\n        wav,\n        m4a,\n        aac,\n        flac,\n        mp4,\n        ogg\n    );\n    CFBundleTypeIconFiles =     (\n    );\n    CFBundleTypeName = \"Audio Files\";\n    CFBundleTypeRole = Editor;\n    LSHandlerRank = Owner;\n    LSItemContentTypes =     (\n        \"public.mp3\",\n        \"public.audio\",\n        \"com.apple.m4a-audio\",\n        \"public.aac-audio\",\n        \"public.mpeg-4-audio\",\n        \"org.xiph.flac\"\n    );\n    LSTypeIsPackage = NO;\n}";
				INFOPLIST_KEY_CFBundleName = "錄音分析助手";
				INFOPLIST_KEY_CFBundleURLTypes = "{\n    CFBundleURLName = \"\\U9304\\U97f3\\U5206\\U6790\\U52a9\\U624b\";\n    CFBundleURLSchemes =     (\n        recordanalyzer,\n        \"recordanalyzer-files\"\n    );\n}";
				INFOPLIST_KEY_LSSupportsOpeningDocumentsInPlace = YES;
				INFOPLIST_KEY_UIApplicationSceneManifest_Generation = YES;
				INFOPLIST_KEY_UIApplicationSupportsIndirectInputEvents = YES;
				INFOPLIST_KEY_UILaunchScreen_Generation = YES;
				INFOPLIST_KEY_UISupportedInterfaceOrientations_iPad = "UIInterfaceOrientationPortrait UIInterfaceOrientationPortraitUpsideDown UIInterfaceOrientationLandscapeLeft UIInterfaceOrientationLandscapeRight";
				INFOPLIST_KEY_UISupportedInterfaceOrientations_iPhone = "UIInterfaceOrientationPortrait UIInterfaceOrientationLandscapeLeft UIInterfaceOrientationLandscapeRight";
				INFOPLIST_KEY_UISupportsDocumentBrowser = YES;
				LD_RUNPATH_SEARCH_PATHS = (
					"$(inherited)",
					"@executable_path/Frameworks",
				);
				MARKETING_VERSION = 1.0;
				PRODUCT_BUNDLE_IDENTIFIER = com.audichuang.app;
				PRODUCT_NAME = "$(TARGET_NAME)";
				SWIFT_EMIT_LOC_STRINGS = YES;
				SWIFT_VERSION = 6.0;
				TARGETED_DEVICE_FAMILY = "1,2";
			};
			name = Release;
		};
/* End XCBuildConfiguration section */

/* Begin XCConfigurationList section */
		CE45 /* Build configuration list for PBXNativeTarget "RecordAnalyzer" */ = {
			isa = XCConfigurationList;
			buildConfigurations = (
				CE52 /* Debug */,
				CE53 /* Release */,
			);
			defaultConfigurationIsVisible = 0;
			defaultConfigurationName = Release;
		};
		CE49 /* Build configuration list for PBXProject "RecordAnalyzerApp" */ = {
			isa = XCConfigurationList;
			buildConfigurations = (
				CE50 /* Debug */,
				CE51 /* Release */,
			);
			defaultConfigurationIsVisible = 0;
			defaultConfigurationName = Release;
		};
/* End XCConfigurationList section */

/* Begin XCRemoteSwiftPackageReference section */
		8A37A1882DE6EA010045F096 /* XCRemoteSwiftPackageReference "swift-markdown-ui" */ = {
			isa = XCRemoteSwiftPackageReference;
			repositoryURL = "https://github.com/gonzalezreal/swift-markdown-ui";
			requirement = {
				kind = upToNextMajorVersion;
				minimumVersion = 2.4.1;
			};
		};
/* End XCRemoteSwiftPackageReference section */

/* Begin XCSwiftPackageProductDependency section */
		8A37A1892DE6EA010045F096 /* MarkdownUI */ = {
			isa = XCSwiftPackageProductDependency;
			package = 8A37A1882DE6EA010045F096 /* XCRemoteSwiftPackageReference "swift-markdown-ui" */;
			productName = MarkdownUI;
		};
/* End XCSwiftPackageProductDependency section */
	};
	rootObject = CE48 /* Project object */;
}
